
Microsoft Visual Studio Solution File, Format Version 12.00
# Visual Studio Version 17
VisualStudioVersion = 17.5.33414.496
MinimumVisualStudioVersion = 10.0.40219.1
Project("{FAE04EC0-301F-11D3-BF4B-00C04F79EFBC}") = "BooksApp", "BooksApp\BooksApp.csproj", "{7E80158C-20AA-4B5E-8703-4D7CFE22CB32}"
EndProject
Global
	GlobalSection(SolutionConfigurationPlatforms) = preSolution
		Debug|Any CPU = Debug|Any CPU
		Release|Any CPU = Release|Any CPU
	EndGlobalSection
	GlobalSection(ProjectConfigurationPlatforms) = postSolution
		{7E80158C-20AA-4B5E-8703-4D7CFE22CB32}.Debug|Any CPU.ActiveCfg = Debug|Any CPU
		{7E80158C-20AA-4B5E-8703-4D7CFE22CB32}.Debug|Any CPU.Build.0 = Debug|Any CPU
		{7E80158C-20AA-4B5E-8703-4D7CFE22CB32}.Release|Any CPU.ActiveCfg = Release|Any CPU
		{7E80158C-20AA-4B5E-8703-4D7CFE22CB32}.Release|Any CPU.Build.0 = Release|Any CPU
	EndGlobalSection
	GlobalSection(SolutionProperties) = preSolution
		HideSolutionNode = FALSE
	EndGlobalSection
	GlobalSection(ExtensibilityGlobals) = postSolution
		SolutionGuid = {E6E6FFE4-6951-462B-8C00-D3974E789E19}
	EndGlobalSection
EndGlobal
